// !$*UTF8*$!
{
	archiveVersion = 1;
	classes = {
	};
	objectVersion = 56;
	objects = {

/* Begin PBXBuildFile section */
		570A572D2A4B83BA006129FD /* CardStackDelegate.swift in Sources */ = {isa = PBXBuildFile; fileRef = 570A572C2A4B83BA006129FD /* CardStackDelegate.swift */; };
		5735DD3F2A4E4B560071B29B /* FoundWordsViewController.swift in Sources */ = {isa = PBXBuildFile; fileRef = 5735DD3E2A4E4B560071B29B /* FoundWordsViewController.swift */; };
		5741FA292A53782E00B4164D /* FinalFoundWords.swift in Sources */ = {isa = PBXBuildFile; fileRef = 5741FA282A53782E00B4164D /* FinalFoundWords.swift */; };
		57455B412A4CFF8C0019FFB5 /* PlayButtonsViewController.swift in Sources */ = {isa = PBXBuildFile; fileRef = 57455B402A4CFF8C0019FFB5 /* PlayButtonsViewController.swift */; };
		57455B432A4CFFA40019FFB5 /* PlayButtonsView.swift in Sources */ = {isa = PBXBuildFile; fileRef = 57455B422A4CFFA40019FFB5 /* PlayButtonsView.swift */; };
		57506C1F2A48D80500367AE9 /* StopwatchViewController.swift in Sources */ = {isa = PBXBuildFile; fileRef = 57506C1E2A48D80500367AE9 /* StopwatchViewController.swift */; };
		57506C212A48D82900367AE9 /* StopwatchView.swift in Sources */ = {isa = PBXBuildFile; fileRef = 57506C202A48D82900367AE9 /* StopwatchView.swift */; };
		575EB2B92A63583800969AA1 /* TouchToPanGestureRecognizer.swift in Sources */ = {isa = PBXBuildFile; fileRef = 575EB2B82A63583800969AA1 /* TouchToPanGestureRecognizer.swift */; };
		575EB2BF2A64510800969AA1 /* KJB.txt in Resources */ = {isa = PBXBuildFile; fileRef = 575EB2BA2A64510800969AA1 /* KJB.txt */; };
		575EB2C02A64510800969AA1 /* Austen.txt in Resources */ = {isa = PBXBuildFile; fileRef = 575EB2BB2A64510800969AA1 /* Austen.txt */; };
		575EB2C12A64510800969AA1 /* Odgen.txt in Resources */ = {isa = PBXBuildFile; fileRef = 575EB2BC2A64510800969AA1 /* Odgen.txt */; };
		575EB2C22A64510800969AA1 /* 3of6game.txt in Resources */ = {isa = PBXBuildFile; fileRef = 575EB2BD2A64510800969AA1 /* 3of6game.txt */; };
		575EB2C32A64510800969AA1 /* Shakespeare.txt in Resources */ = {isa = PBXBuildFile; fileRef = 575EB2BE2A64510800969AA1 /* Shakespeare.txt */; };
		577803EB2A64A1BE00D1E12A /* CardStackViewController.swift in Sources */ = {isa = PBXBuildFile; fileRef = 57EF4B6B2A466528008C57FF /* CardStackViewController.swift */; };
		5782956E2A4A03E60038B48F /* SettingsExtension.swift in Sources */ = {isa = PBXBuildFile; fileRef = 5782956D2A4A03E60038B48F /* SettingsExtension.swift */; };
		57AC997C2A558F0300B2E892 /* OptionViewDelegate.swift in Sources */ = {isa = PBXBuildFile; fileRef = 57AC997B2A558F0300B2E892 /* OptionViewDelegate.swift */; };
		57BADD842A4A45F3009074DF /* FoundWordView.swift in Sources */ = {isa = PBXBuildFile; fileRef = 57BADD832A4A45F3009074DF /* FoundWordView.swift */; };
		57BADD862A4A4D10009074DF /* UITableViewWordCell.swift in Sources */ = {isa = PBXBuildFile; fileRef = 57BADD852A4A4D10009074DF /* UITableViewWordCell.swift */; };
		57D155132A5579D000A802C9 /* ChoiceLabel.swift in Sources */ = {isa = PBXBuildFile; fileRef = 57D155122A5579D000A802C9 /* ChoiceLabel.swift */; };
		57D155162A557D6400A802C9 /* SettingsCardViewControllerDelegate.swift in Sources */ = {isa = PBXBuildFile; fileRef = 57D155152A557D6400A802C9 /* SettingsCardViewControllerDelegate.swift */; };
		57E2F3772A54E1420097D1D2 /* SettingsCardViewController.swift in Sources */ = {isa = PBXBuildFile; fileRef = 57E2F3762A54E1420097D1D2 /* SettingsCardViewController.swift */; };
		57E2F37A2A54E5850097D1D2 /* IconView.swift in Sources */ = {isa = PBXBuildFile; fileRef = 57E2F3792A54E5850097D1D2 /* IconView.swift */; };
		57E2F3802A54E59D0097D1D2 /* TimeIcon.swift in Sources */ = {isa = PBXBuildFile; fileRef = 57E2F37C2A54E59D0097D1D2 /* TimeIcon.swift */; };
		57E2F3812A54E59D0097D1D2 /* TileIcon.swift in Sources */ = {isa = PBXBuildFile; fileRef = 57E2F37D2A54E59D0097D1D2 /* TileIcon.swift */; };
		57E2F3822A54E59D0097D1D2 /* LengthIcon.swift in Sources */ = {isa = PBXBuildFile; fileRef = 57E2F37E2A54E59D0097D1D2 /* LengthIcon.swift */; };
		57E2F3832A54E59D0097D1D2 /* LexiconIcon.swift in Sources */ = {isa = PBXBuildFile; fileRef = 57E2F37F2A54E59D0097D1D2 /* LexiconIcon.swift */; };
		57E2F3852A54F3200097D1D2 /* OptionView.swift in Sources */ = {isa = PBXBuildFile; fileRef = 57E2F3842A54F3200097D1D2 /* OptionView.swift */; };
		57E758B92A5A164400823989 /* ScoreIcon.swift in Sources */ = {isa = PBXBuildFile; fileRef = 57E758B82A5A164400823989 /* ScoreIcon.swift */; };
		57E758BE2A5B8F6E00823989 /* StatsCardViewController.swift in Sources */ = {isa = PBXBuildFile; fileRef = 57E758BD2A5B8F6E00823989 /* StatsCardViewController.swift */; };
		57E758C02A5C2A0B00823989 /* CombinedScoreViewController.swift in Sources */ = {isa = PBXBuildFile; fileRef = 57E758BF2A5C2A0B00823989 /* CombinedScoreViewController.swift */; };
		57E758C92A5C940100823989 /* StatViewController.swift in Sources */ = {isa = PBXBuildFile; fileRef = 57E758C82A5C940100823989 /* StatViewController.swift */; };
		57EB7A432A47827F00BCA44B /* GameboardViewController.swift in Sources */ = {isa = PBXBuildFile; fileRef = 57EB7A422A47827F00BCA44B /* GameboardViewController.swift */; };
		57EB7A452A47856D00BCA44B /* GameboardView.swift in Sources */ = {isa = PBXBuildFile; fileRef = 57EB7A442A47856D00BCA44B /* GameboardView.swift */; };
		57EB7A492A478BF500BCA44B /* CardViewController.swift in Sources */ = {isa = PBXBuildFile; fileRef = 57EB7A482A478BF500BCA44B /* CardViewController.swift */; };
		57EB7A4B2A478CF000BCA44B /* GameCardViewController.swift in Sources */ = {isa = PBXBuildFile; fileRef = 57EB7A4A2A478CF000BCA44B /* GameCardViewController.swift */; };
		57EB7A4D2A47950500BCA44B /* UIViewControllerExtension.swift in Sources */ = {isa = PBXBuildFile; fileRef = 57EB7A4C2A47950500BCA44B /* UIViewControllerExtension.swift */; };
		57EB7A4F2A479C2D00BCA44B /* UIData.swift in Sources */ = {isa = PBXBuildFile; fileRef = 57EB7A4E2A479C2D00BCA44B /* UIData.swift */; };
		57EB7A512A47A65000BCA44B /* GameInstanceExtension.swift in Sources */ = {isa = PBXBuildFile; fileRef = 57EB7A502A47A65000BCA44B /* GameInstanceExtension.swift */; };
		57EB7A542A47A7FC00BCA44B /* tileText.swift in Sources */ = {isa = PBXBuildFile; fileRef = 57EB7A532A47A7FC00BCA44B /* tileText.swift */; };
		57EB7A562A47A83900BCA44B /* TileView.swift in Sources */ = {isa = PBXBuildFile; fileRef = 57EB7A552A47A83900BCA44B /* TileView.swift */; };
		57EB7A582A47A99D00BCA44B /* MiscConstants.swift in Sources */ = {isa = PBXBuildFile; fileRef = 57EB7A572A47A99D00BCA44B /* MiscConstants.swift */; };
		57EB7A622A47ACAE00BCA44B /* K2D-ExtraBold.ttf in Resources */ = {isa = PBXBuildFile; fileRef = 57EB7A5E2A47ACAE00BCA44B /* K2D-ExtraBold.ttf */; };
		57EB7A632A47ACAE00BCA44B /* K2D-Regular.ttf in Resources */ = {isa = PBXBuildFile; fileRef = 57EB7A5F2A47ACAE00BCA44B /* K2D-Regular.ttf */; };
		57EB7A642A47ACAE00BCA44B /* K2D-Italic.ttf in Resources */ = {isa = PBXBuildFile; fileRef = 57EB7A602A47ACAE00BCA44B /* K2D-Italic.ttf */; };
		57EB7A652A47ACAE00BCA44B /* K2D-Medium.ttf in Resources */ = {isa = PBXBuildFile; fileRef = 57EB7A612A47ACAE00BCA44B /* K2D-Medium.ttf */; };
		57EF4B392A4664F2008C57FF /* AppDelegate.swift in Sources */ = {isa = PBXBuildFile; fileRef = 57EF4B382A4664F2008C57FF /* AppDelegate.swift */; };
		57EF4B3B2A4664F2008C57FF /* SceneDelegate.swift in Sources */ = {isa = PBXBuildFile; fileRef = 57EF4B3A2A4664F2008C57FF /* SceneDelegate.swift */; };
		57EF4B3D2A4664F2008C57FF /* ViewController.swift in Sources */ = {isa = PBXBuildFile; fileRef = 57EF4B3C2A4664F2008C57FF /* ViewController.swift */; };
		57EF4B402A4664F2008C57FF /* Main.storyboard in Resources */ = {isa = PBXBuildFile; fileRef = 57EF4B3E2A4664F2008C57FF /* Main.storyboard */; };
		57EF4B432A4664F2008C57FF /* wuggle.xcdatamodeld in Sources */ = {isa = PBXBuildFile; fileRef = 57EF4B412A4664F2008C57FF /* wuggle.xcdatamodeld */; };
		57EF4B452A4664F3008C57FF /* Assets.xcassets in Resources */ = {isa = PBXBuildFile; fileRef = 57EF4B442A4664F3008C57FF /* Assets.xcassets */; };
		57EF4B482A4664F3008C57FF /* LaunchScreen.storyboard in Resources */ = {isa = PBXBuildFile; fileRef = 57EF4B462A4664F3008C57FF /* LaunchScreen.storyboard */; };
		57EF4B532A4664F3008C57FF /* wuggleTests.swift in Sources */ = {isa = PBXBuildFile; fileRef = 57EF4B522A4664F3008C57FF /* wuggleTests.swift */; };
		57EF4B5D2A4664F3008C57FF /* wuggleUITests.swift in Sources */ = {isa = PBXBuildFile; fileRef = 57EF4B5C2A4664F3008C57FF /* wuggleUITests.swift */; };
		57EF4B5F2A4664F3008C57FF /* wuggleUITestsLaunchTests.swift in Sources */ = {isa = PBXBuildFile; fileRef = 57EF4B5E2A4664F3008C57FF /* wuggleUITestsLaunchTests.swift */; };
		57EF4B6E2A4665D8008C57FF /* CardView.swift in Sources */ = {isa = PBXBuildFile; fileRef = 57EF4B6D2A4665D8008C57FF /* CardView.swift */; };
		57EF4B762A466BAE008C57FF /* TrieExtension.swift in Sources */ = {isa = PBXBuildFile; fileRef = 57EF4B752A466BAE008C57FF /* TrieExtension.swift */; };
		57EF4B7A2A466F47008C57FF /* MiscFunctions.swift in Sources */ = {isa = PBXBuildFile; fileRef = 57EF4B792A466F47008C57FF /* MiscFunctions.swift */; };
/* End PBXBuildFile section */

/* Begin PBXContainerItemProxy section */
		57EF4B4F2A4664F3008C57FF /* PBXContainerItemProxy */ = {
			isa = PBXContainerItemProxy;
			containerPortal = 57EF4B2D2A4664F2008C57FF /* Project object */;
			proxyType = 1;
			remoteGlobalIDString = 57EF4B342A4664F2008C57FF;
			remoteInfo = wuggle;
		};
		57EF4B592A4664F3008C57FF /* PBXContainerItemProxy */ = {
			isa = PBXContainerItemProxy;
			containerPortal = 57EF4B2D2A4664F2008C57FF /* Project object */;
			proxyType = 1;
			remoteGlobalIDString = 57EF4B342A4664F2008C57FF;
			remoteInfo = wuggle;
		};
/* End PBXContainerItemProxy section */

/* Begin PBXFileReference section */
		570A572C2A4B83BA006129FD /* CardStackDelegate.swift */ = {isa = PBXFileReference; lastKnownFileType = sourcecode.swift; path = CardStackDelegate.swift; sourceTree = "<group>"; };
		5735DD3E2A4E4B560071B29B /* FoundWordsViewController.swift */ = {isa = PBXFileReference; lastKnownFileType = sourcecode.swift; path = FoundWordsViewController.swift; sourceTree = "<group>"; };
		5741FA282A53782E00B4164D /* FinalFoundWords.swift */ = {isa = PBXFileReference; lastKnownFileType = sourcecode.swift; path = FinalFoundWords.swift; sourceTree = "<group>"; };
		57455B402A4CFF8C0019FFB5 /* PlayButtonsViewController.swift */ = {isa = PBXFileReference; lastKnownFileType = sourcecode.swift; path = PlayButtonsViewController.swift; sourceTree = "<group>"; };
		57455B422A4CFFA40019FFB5 /* PlayButtonsView.swift */ = {isa = PBXFileReference; lastKnownFileType = sourcecode.swift; path = PlayButtonsView.swift; sourceTree = "<group>"; };
		57506C1E2A48D80500367AE9 /* StopwatchViewController.swift */ = {isa = PBXFileReference; lastKnownFileType = sourcecode.swift; path = StopwatchViewController.swift; sourceTree = "<group>"; };
		57506C202A48D82900367AE9 /* StopwatchView.swift */ = {isa = PBXFileReference; lastKnownFileType = sourcecode.swift; path = StopwatchView.swift; sourceTree = "<group>"; };
		575EB2B82A63583800969AA1 /* TouchToPanGestureRecognizer.swift */ = {isa = PBXFileReference; lastKnownFileType = sourcecode.swift; path = TouchToPanGestureRecognizer.swift; sourceTree = "<group>"; };
		575EB2BA2A64510800969AA1 /* KJB.txt */ = {isa = PBXFileReference; fileEncoding = 4; lastKnownFileType = text; path = KJB.txt; sourceTree = "<group>"; };
		575EB2BB2A64510800969AA1 /* Austen.txt */ = {isa = PBXFileReference; fileEncoding = 4; lastKnownFileType = text; path = Austen.txt; sourceTree = "<group>"; };
		575EB2BC2A64510800969AA1 /* Odgen.txt */ = {isa = PBXFileReference; fileEncoding = 4; lastKnownFileType = text; path = Odgen.txt; sourceTree = "<group>"; };
		575EB2BD2A64510800969AA1 /* 3of6game.txt */ = {isa = PBXFileReference; fileEncoding = 4; lastKnownFileType = text; path = 3of6game.txt; sourceTree = "<group>"; };
		575EB2BE2A64510800969AA1 /* Shakespeare.txt */ = {isa = PBXFileReference; fileEncoding = 4; lastKnownFileType = text; path = Shakespeare.txt; sourceTree = "<group>"; };
		5782956D2A4A03E60038B48F /* SettingsExtension.swift */ = {isa = PBXFileReference; lastKnownFileType = sourcecode.swift; path = SettingsExtension.swift; sourceTree = "<group>"; };
		57AC997B2A558F0300B2E892 /* OptionViewDelegate.swift */ = {isa = PBXFileReference; lastKnownFileType = sourcecode.swift; path = OptionViewDelegate.swift; sourceTree = "<group>"; };
		57BADD832A4A45F3009074DF /* FoundWordView.swift */ = {isa = PBXFileReference; lastKnownFileType = sourcecode.swift; path = FoundWordView.swift; sourceTree = "<group>"; };
		57BADD852A4A4D10009074DF /* UITableViewWordCell.swift */ = {isa = PBXFileReference; fileEncoding = 4; lastKnownFileType = sourcecode.swift; path = UITableViewWordCell.swift; sourceTree = "<group>"; };
		57D155122A5579D000A802C9 /* ChoiceLabel.swift */ = {isa = PBXFileReference; lastKnownFileType = sourcecode.swift; path = ChoiceLabel.swift; sourceTree = "<group>"; };
		57D155152A557D6400A802C9 /* SettingsCardViewControllerDelegate.swift */ = {isa = PBXFileReference; lastKnownFileType = sourcecode.swift; path = SettingsCardViewControllerDelegate.swift; sourceTree = "<group>"; };
		57E2F3762A54E1420097D1D2 /* SettingsCardViewController.swift */ = {isa = PBXFileReference; lastKnownFileType = sourcecode.swift; path = SettingsCardViewController.swift; sourceTree = "<group>"; };
		57E2F3792A54E5850097D1D2 /* IconView.swift */ = {isa = PBXFileReference; fileEncoding = 4; lastKnownFileType = sourcecode.swift; path = IconView.swift; sourceTree = "<group>"; };
		57E2F37C2A54E59D0097D1D2 /* TimeIcon.swift */ = {isa = PBXFileReference; fileEncoding = 4; lastKnownFileType = sourcecode.swift; path = TimeIcon.swift; sourceTree = "<group>"; };
		57E2F37D2A54E59D0097D1D2 /* TileIcon.swift */ = {isa = PBXFileReference; fileEncoding = 4; lastKnownFileType = sourcecode.swift; path = TileIcon.swift; sourceTree = "<group>"; };
		57E2F37E2A54E59D0097D1D2 /* LengthIcon.swift */ = {isa = PBXFileReference; fileEncoding = 4; lastKnownFileType = sourcecode.swift; path = LengthIcon.swift; sourceTree = "<group>"; };
		57E2F37F2A54E59D0097D1D2 /* LexiconIcon.swift */ = {isa = PBXFileReference; fileEncoding = 4; lastKnownFileType = sourcecode.swift; path = LexiconIcon.swift; sourceTree = "<group>"; };
		57E2F3842A54F3200097D1D2 /* OptionView.swift */ = {isa = PBXFileReference; lastKnownFileType = sourcecode.swift; path = OptionView.swift; sourceTree = "<group>"; };
		57E758B82A5A164400823989 /* ScoreIcon.swift */ = {isa = PBXFileReference; lastKnownFileType = sourcecode.swift; path = ScoreIcon.swift; sourceTree = "<group>"; };
		57E758BD2A5B8F6E00823989 /* StatsCardViewController.swift */ = {isa = PBXFileReference; lastKnownFileType = sourcecode.swift; path = StatsCardViewController.swift; sourceTree = "<group>"; };
		57E758BF2A5C2A0B00823989 /* CombinedScoreViewController.swift */ = {isa = PBXFileReference; lastKnownFileType = sourcecode.swift; path = CombinedScoreViewController.swift; sourceTree = "<group>"; };
		57E758C82A5C940100823989 /* StatViewController.swift */ = {isa = PBXFileReference; lastKnownFileType = sourcecode.swift; path = StatViewController.swift; sourceTree = "<group>"; };
		57EB7A422A47827F00BCA44B /* GameboardViewController.swift */ = {isa = PBXFileReference; lastKnownFileType = sourcecode.swift; path = GameboardViewController.swift; sourceTree = "<group>"; };
		57EB7A442A47856D00BCA44B /* GameboardView.swift */ = {isa = PBXFileReference; lastKnownFileType = sourcecode.swift; path = GameboardView.swift; sourceTree = "<group>"; };
		57EB7A482A478BF500BCA44B /* CardViewController.swift */ = {isa = PBXFileReference; lastKnownFileType = sourcecode.swift; path = CardViewController.swift; sourceTree = "<group>"; };
		57EB7A4A2A478CF000BCA44B /* GameCardViewController.swift */ = {isa = PBXFileReference; lastKnownFileType = sourcecode.swift; path = GameCardViewController.swift; sourceTree = "<group>"; };
		57EB7A4C2A47950500BCA44B /* UIViewControllerExtension.swift */ = {isa = PBXFileReference; lastKnownFileType = sourcecode.swift; path = UIViewControllerExtension.swift; sourceTree = "<group>"; };
		57EB7A4E2A479C2D00BCA44B /* UIData.swift */ = {isa = PBXFileReference; lastKnownFileType = sourcecode.swift; path = UIData.swift; sourceTree = "<group>"; };
		57EB7A502A47A65000BCA44B /* GameInstanceExtension.swift */ = {isa = PBXFileReference; lastKnownFileType = sourcecode.swift; path = GameInstanceExtension.swift; sourceTree = "<group>"; };
		57EB7A532A47A7FC00BCA44B /* tileText.swift */ = {isa = PBXFileReference; fileEncoding = 4; lastKnownFileType = sourcecode.swift; path = tileText.swift; sourceTree = "<group>"; };
		57EB7A552A47A83900BCA44B /* TileView.swift */ = {isa = PBXFileReference; lastKnownFileType = sourcecode.swift; path = TileView.swift; sourceTree = "<group>"; };
		57EB7A572A47A99D00BCA44B /* MiscConstants.swift */ = {isa = PBXFileReference; fileEncoding = 4; lastKnownFileType = sourcecode.swift; path = MiscConstants.swift; sourceTree = "<group>"; };
		57EB7A5E2A47ACAE00BCA44B /* K2D-ExtraBold.ttf */ = {isa = PBXFileReference; lastKnownFileType = file; path = "K2D-ExtraBold.ttf"; sourceTree = "<group>"; };
		57EB7A5F2A47ACAE00BCA44B /* K2D-Regular.ttf */ = {isa = PBXFileReference; lastKnownFileType = file; path = "K2D-Regular.ttf"; sourceTree = "<group>"; };
		57EB7A602A47ACAE00BCA44B /* K2D-Italic.ttf */ = {isa = PBXFileReference; lastKnownFileType = file; path = "K2D-Italic.ttf"; sourceTree = "<group>"; };
		57EB7A612A47ACAE00BCA44B /* K2D-Medium.ttf */ = {isa = PBXFileReference; lastKnownFileType = file; path = "K2D-Medium.ttf"; sourceTree = "<group>"; };
		57EF4B352A4664F2008C57FF /* wuggle.app */ = {isa = PBXFileReference; explicitFileType = wrapper.application; includeInIndex = 0; path = wuggle.app; sourceTree = BUILT_PRODUCTS_DIR; };
		57EF4B382A4664F2008C57FF /* AppDelegate.swift */ = {isa = PBXFileReference; lastKnownFileType = sourcecode.swift; path = AppDelegate.swift; sourceTree = "<group>"; };
		57EF4B3A2A4664F2008C57FF /* SceneDelegate.swift */ = {isa = PBXFileReference; lastKnownFileType = sourcecode.swift; path = SceneDelegate.swift; sourceTree = "<group>"; };
		57EF4B3C2A4664F2008C57FF /* ViewController.swift */ = {isa = PBXFileReference; lastKnownFileType = sourcecode.swift; path = ViewController.swift; sourceTree = "<group>"; };
		57EF4B3F2A4664F2008C57FF /* Base */ = {isa = PBXFileReference; lastKnownFileType = file.storyboard; name = Base; path = Base.lproj/Main.storyboard; sourceTree = "<group>"; };
		57EF4B422A4664F2008C57FF /* wuggle.xcdatamodel */ = {isa = PBXFileReference; lastKnownFileType = wrapper.xcdatamodel; path = wuggle.xcdatamodel; sourceTree = "<group>"; };
		57EF4B442A4664F3008C57FF /* Assets.xcassets */ = {isa = PBXFileReference; lastKnownFileType = folder.assetcatalog; path = Assets.xcassets; sourceTree = "<group>"; };
		57EF4B472A4664F3008C57FF /* Base */ = {isa = PBXFileReference; lastKnownFileType = file.storyboard; name = Base; path = Base.lproj/LaunchScreen.storyboard; sourceTree = "<group>"; };
		57EF4B492A4664F3008C57FF /* Info.plist */ = {isa = PBXFileReference; lastKnownFileType = text.plist.xml; path = Info.plist; sourceTree = "<group>"; };
		57EF4B4E2A4664F3008C57FF /* wuggleTests.xctest */ = {isa = PBXFileReference; explicitFileType = wrapper.cfbundle; includeInIndex = 0; path = wuggleTests.xctest; sourceTree = BUILT_PRODUCTS_DIR; };
		57EF4B522A4664F3008C57FF /* wuggleTests.swift */ = {isa = PBXFileReference; lastKnownFileType = sourcecode.swift; path = wuggleTests.swift; sourceTree = "<group>"; };
		57EF4B582A4664F3008C57FF /* wuggleUITests.xctest */ = {isa = PBXFileReference; explicitFileType = wrapper.cfbundle; includeInIndex = 0; path = wuggleUITests.xctest; sourceTree = BUILT_PRODUCTS_DIR; };
		57EF4B5C2A4664F3008C57FF /* wuggleUITests.swift */ = {isa = PBXFileReference; lastKnownFileType = sourcecode.swift; path = wuggleUITests.swift; sourceTree = "<group>"; };
		57EF4B5E2A4664F3008C57FF /* wuggleUITestsLaunchTests.swift */ = {isa = PBXFileReference; lastKnownFileType = sourcecode.swift; path = wuggleUITestsLaunchTests.swift; sourceTree = "<group>"; };
		57EF4B6B2A466528008C57FF /* CardStackViewController.swift */ = {isa = PBXFileReference; lastKnownFileType = sourcecode.swift; path = CardStackViewController.swift; sourceTree = "<group>"; };
		57EF4B6D2A4665D8008C57FF /* CardView.swift */ = {isa = PBXFileReference; lastKnownFileType = sourcecode.swift; path = CardView.swift; sourceTree = "<group>"; };
		57EF4B752A466BAE008C57FF /* TrieExtension.swift */ = {isa = PBXFileReference; fileEncoding = 4; lastKnownFileType = sourcecode.swift; path = TrieExtension.swift; sourceTree = "<group>"; };
		57EF4B792A466F47008C57FF /* MiscFunctions.swift */ = {isa = PBXFileReference; fileEncoding = 4; lastKnownFileType = sourcecode.swift; path = MiscFunctions.swift; sourceTree = "<group>"; };
/* End PBXFileReference section */

/* Begin PBXFrameworksBuildPhase section */
		57EF4B322A4664F2008C57FF /* Frameworks */ = {
			isa = PBXFrameworksBuildPhase;
			buildActionMask = 2147483647;
			files = (
			);
			runOnlyForDeploymentPostprocessing = 0;
		};
		57EF4B4B2A4664F3008C57FF /* Frameworks */ = {
			isa = PBXFrameworksBuildPhase;
			buildActionMask = 2147483647;
			files = (
			);
			runOnlyForDeploymentPostprocessing = 0;
		};
		57EF4B552A4664F3008C57FF /* Frameworks */ = {
			isa = PBXFrameworksBuildPhase;
			buildActionMask = 2147483647;
			files = (
			);
			runOnlyForDeploymentPostprocessing = 0;
		};
/* End PBXFrameworksBuildPhase section */

/* Begin PBXGroup section */
		57455B3F2A4CFF720019FFB5 /* PlayButtons */ = {
			isa = PBXGroup;
			children = (
				57455B402A4CFF8C0019FFB5 /* PlayButtonsViewController.swift */,
				57455B422A4CFFA40019FFB5 /* PlayButtonsView.swift */,
			);
			path = PlayButtons;
			sourceTree = "<group>";
		};
		57506C1D2A48D7F100367AE9 /* Stopwatch */ = {
			isa = PBXGroup;
			children = (
				57506C1E2A48D80500367AE9 /* StopwatchViewController.swift */,
				57506C202A48D82900367AE9 /* StopwatchView.swift */,
			);
			path = Stopwatch;
			sourceTree = "<group>";
		};
		57BADD822A4A4578009074DF /* FoundWords */ = {
			isa = PBXGroup;
			children = (
				5741FA282A53782E00B4164D /* FinalFoundWords.swift */,
				5735DD3E2A4E4B560071B29B /* FoundWordsViewController.swift */,
				57BADD832A4A45F3009074DF /* FoundWordView.swift */,
				57BADD852A4A4D10009074DF /* UITableViewWordCell.swift */,
			);
			path = FoundWords;
			sourceTree = "<group>";
		};
		57D155142A557D4D00A802C9 /* Protocols */ = {
			isa = PBXGroup;
			children = (
				570A572C2A4B83BA006129FD /* CardStackDelegate.swift */,
				57D155152A557D6400A802C9 /* SettingsCardViewControllerDelegate.swift */,
				57AC997B2A558F0300B2E892 /* OptionViewDelegate.swift */,
			);
			path = Protocols;
			sourceTree = "<group>";
		};
		57E2F3722A54810A0097D1D2 /* StatusBar */ = {
			isa = PBXGroup;
			children = (
				57E758BF2A5C2A0B00823989 /* CombinedScoreViewController.swift */,
			);
			path = StatusBar;
			sourceTree = "<group>";
		};
		57E2F3752A54E12E0097D1D2 /* SettingsCard */ = {
			isa = PBXGroup;
			children = (
				57E2F3762A54E1420097D1D2 /* SettingsCardViewController.swift */,
				57E2F3842A54F3200097D1D2 /* OptionView.swift */,
				57D155122A5579D000A802C9 /* ChoiceLabel.swift */,
			);
			path = SettingsCard;
			sourceTree = "<group>";
		};
		57E2F3782A54E57A0097D1D2 /* Icons */ = {
			isa = PBXGroup;
			children = (
				57E2F3792A54E5850097D1D2 /* IconView.swift */,
				57E2F37B2A54E58D0097D1D2 /* Instances */,
			);
			path = Icons;
			sourceTree = "<group>";
		};
		57E2F37B2A54E58D0097D1D2 /* Instances */ = {
			isa = PBXGroup;
			children = (
				57E758B82A5A164400823989 /* ScoreIcon.swift */,
				57E2F37E2A54E59D0097D1D2 /* LengthIcon.swift */,
				57E2F37F2A54E59D0097D1D2 /* LexiconIcon.swift */,
				57E2F37D2A54E59D0097D1D2 /* TileIcon.swift */,
				57E2F37C2A54E59D0097D1D2 /* TimeIcon.swift */,
			);
			path = Instances;
			sourceTree = "<group>";
		};
		57E758BC2A5B8F5B00823989 /* StatsCard */ = {
			isa = PBXGroup;
			children = (
				57E758BD2A5B8F6E00823989 /* StatsCardViewController.swift */,
				57E758C82A5C940100823989 /* StatViewController.swift */,
			);
			path = StatsCard;
			sourceTree = "<group>";
		};
		57E758C12A5C485200823989 /* Lexicons */ = {
			isa = PBXGroup;
			children = (
				575EB2BD2A64510800969AA1 /* 3of6game.txt */,
				575EB2BB2A64510800969AA1 /* Austen.txt */,
				575EB2BA2A64510800969AA1 /* KJB.txt */,
				575EB2BC2A64510800969AA1 /* Odgen.txt */,
				575EB2BE2A64510800969AA1 /* Shakespeare.txt */,
			);
			path = Lexicons;
			sourceTree = "<group>";
		};
		57EB7A3F2A47817C00BCA44B /* Cards */ = {
			isa = PBXGroup;
			children = (
				57E2F3782A54E57A0097D1D2 /* Icons */,
				57E2F3722A54810A0097D1D2 /* StatusBar */,
				57EB7A482A478BF500BCA44B /* CardViewController.swift */,
				57EF4B6D2A4665D8008C57FF /* CardView.swift */,
				57E2F3752A54E12E0097D1D2 /* SettingsCard */,
				57EB7A402A47818600BCA44B /* GameCard */,
				57E758BC2A5B8F5B00823989 /* StatsCard */,
			);
			path = Cards;
			sourceTree = "<group>";
		};
		57EB7A402A47818600BCA44B /* GameCard */ = {
			isa = PBXGroup;
			children = (
				57EB7A4A2A478CF000BCA44B /* GameCardViewController.swift */,
				575EB2B82A63583800969AA1 /* TouchToPanGestureRecognizer.swift */,
				57455B3F2A4CFF720019FFB5 /* PlayButtons */,
				57506C1D2A48D7F100367AE9 /* Stopwatch */,
				57BADD822A4A4578009074DF /* FoundWords */,
			);
			path = GameCard;
			sourceTree = "<group>";
		};
		57EB7A412A47820900BCA44B /* Gameboard */ = {
			isa = PBXGroup;
			children = (
				57EB7A422A47827F00BCA44B /* GameboardViewController.swift */,
				57EB7A442A47856D00BCA44B /* GameboardView.swift */,
				57EB7A552A47A83900BCA44B /* TileView.swift */,
			);
			path = Gameboard;
			sourceTree = "<group>";
		};
		57EB7A522A47A7F000BCA44B /* Misc */ = {
			isa = PBXGroup;
			children = (
				57EB7A572A47A99D00BCA44B /* MiscConstants.swift */,
				57EB7A532A47A7FC00BCA44B /* tileText.swift */,
				57EF4B792A466F47008C57FF /* MiscFunctions.swift */,
			);
			path = Misc;
			sourceTree = "<group>";
		};
		57EB7A5D2A47ACA200BCA44B /* Fonts */ = {
			isa = PBXGroup;
			children = (
				57EB7A5E2A47ACAE00BCA44B /* K2D-ExtraBold.ttf */,
				57EB7A602A47ACAE00BCA44B /* K2D-Italic.ttf */,
				57EB7A612A47ACAE00BCA44B /* K2D-Medium.ttf */,
				57EB7A5F2A47ACAE00BCA44B /* K2D-Regular.ttf */,
			);
			path = Fonts;
			sourceTree = "<group>";
		};
		57EF4B2C2A4664F2008C57FF = {
			isa = PBXGroup;
			children = (
				57EF4B372A4664F2008C57FF /* wuggle */,
				57EF4B512A4664F3008C57FF /* wuggleTests */,
				57EF4B5B2A4664F3008C57FF /* wuggleUITests */,
				57EF4B362A4664F2008C57FF /* Products */,
			);
			sourceTree = "<group>";
		};
		57EF4B362A4664F2008C57FF /* Products */ = {
			isa = PBXGroup;
			children = (
				57EF4B352A4664F2008C57FF /* wuggle.app */,
				57EF4B4E2A4664F3008C57FF /* wuggleTests.xctest */,
				57EF4B582A4664F3008C57FF /* wuggleUITests.xctest */,
			);
			name = Products;
			sourceTree = "<group>";
		};
		57EF4B372A4664F2008C57FF /* wuggle */ = {
			isa = PBXGroup;
			children = (
				57D155142A557D4D00A802C9 /* Protocols */,
				57EB7A522A47A7F000BCA44B /* Misc */,
				57EB7A412A47820900BCA44B /* Gameboard */,
				57EF4B6B2A466528008C57FF /* CardStackViewController.swift */,
				57EB7A4E2A479C2D00BCA44B /* UIData.swift */,
				57EB7A3F2A47817C00BCA44B /* Cards */,
				57EF4B742A466BA4008C57FF /* Extensions */,
				57EF4B712A466B7B008C57FF /* Resources */,
				57EF4B382A4664F2008C57FF /* AppDelegate.swift */,
				57EF4B3A2A4664F2008C57FF /* SceneDelegate.swift */,
				57EF4B3C2A4664F2008C57FF /* ViewController.swift */,
				57EF4B3E2A4664F2008C57FF /* Main.storyboard */,
				57EF4B442A4664F3008C57FF /* Assets.xcassets */,
				57EF4B462A4664F3008C57FF /* LaunchScreen.storyboard */,
				57EF4B492A4664F3008C57FF /* Info.plist */,
				57EF4B412A4664F2008C57FF /* wuggle.xcdatamodeld */,
			);
			path = wuggle;
			sourceTree = "<group>";
		};
		57EF4B512A4664F3008C57FF /* wuggleTests */ = {
			isa = PBXGroup;
			children = (
				57EF4B522A4664F3008C57FF /* wuggleTests.swift */,
			);
			path = wuggleTests;
			sourceTree = "<group>";
		};
		57EF4B5B2A4664F3008C57FF /* wuggleUITests */ = {
			isa = PBXGroup;
			children = (
				57EF4B5C2A4664F3008C57FF /* wuggleUITests.swift */,
				57EF4B5E2A4664F3008C57FF /* wuggleUITestsLaunchTests.swift */,
			);
			path = wuggleUITests;
			sourceTree = "<group>";
		};
		57EF4B712A466B7B008C57FF /* Resources */ = {
			isa = PBXGroup;
			children = (
				57E758C12A5C485200823989 /* Lexicons */,
				57EB7A5D2A47ACA200BCA44B /* Fonts */,
			);
			path = Resources;
			sourceTree = "<group>";
		};
		57EF4B742A466BA4008C57FF /* Extensions */ = {
			isa = PBXGroup;
			children = (
				57EB7A4C2A47950500BCA44B /* UIViewControllerExtension.swift */,
				57EF4B752A466BAE008C57FF /* TrieExtension.swift */,
				57EB7A502A47A65000BCA44B /* GameInstanceExtension.swift */,
				5782956D2A4A03E60038B48F /* SettingsExtension.swift */,
			);
			path = Extensions;
			sourceTree = "<group>";
		};
/* End PBXGroup section */

/* Begin PBXNativeTarget section */
		57EF4B342A4664F2008C57FF /* wuggle */ = {
			isa = PBXNativeTarget;
			buildConfigurationList = 57EF4B622A4664F3008C57FF /* Build configuration list for PBXNativeTarget "wuggle" */;
			buildPhases = (
				57EF4B312A4664F2008C57FF /* Sources */,
				57EF4B322A4664F2008C57FF /* Frameworks */,
				57EF4B332A4664F2008C57FF /* Resources */,
			);
			buildRules = (
			);
			dependencies = (
			);
			name = wuggle;
			productName = wuggle;
			productReference = 57EF4B352A4664F2008C57FF /* wuggle.app */;
			productType = "com.apple.product-type.application";
		};
		57EF4B4D2A4664F3008C57FF /* wuggleTests */ = {
			isa = PBXNativeTarget;
			buildConfigurationList = 57EF4B652A4664F3008C57FF /* Build configuration list for PBXNativeTarget "wuggleTests" */;
			buildPhases = (
				57EF4B4A2A4664F3008C57FF /* Sources */,
				57EF4B4B2A4664F3008C57FF /* Frameworks */,
				57EF4B4C2A4664F3008C57FF /* Resources */,
			);
			buildRules = (
			);
			dependencies = (
				57EF4B502A4664F3008C57FF /* PBXTargetDependency */,
			);
			name = wuggleTests;
			productName = wuggleTests;
			productReference = 57EF4B4E2A4664F3008C57FF /* wuggleTests.xctest */;
			productType = "com.apple.product-type.bundle.unit-test";
		};
		57EF4B572A4664F3008C57FF /* wuggleUITests */ = {
			isa = PBXNativeTarget;
			buildConfigurationList = 57EF4B682A4664F3008C57FF /* Build configuration list for PBXNativeTarget "wuggleUITests" */;
			buildPhases = (
				57EF4B542A4664F3008C57FF /* Sources */,
				57EF4B552A4664F3008C57FF /* Frameworks */,
				57EF4B562A4664F3008C57FF /* Resources */,
			);
			buildRules = (
			);
			dependencies = (
				57EF4B5A2A4664F3008C57FF /* PBXTargetDependency */,
			);
			name = wuggleUITests;
			productName = wuggleUITests;
			productReference = 57EF4B582A4664F3008C57FF /* wuggleUITests.xctest */;
			productType = "com.apple.product-type.bundle.ui-testing";
		};
/* End PBXNativeTarget section */

/* Begin PBXProject section */
		57EF4B2D2A4664F2008C57FF /* Project object */ = {
			isa = PBXProject;
			attributes = {
				BuildIndependentTargetsInParallel = 1;
				LastSwiftUpdateCheck = 1430;
				LastUpgradeCheck = 1430;
				TargetAttributes = {
					57EF4B342A4664F2008C57FF = {
						CreatedOnToolsVersion = 14.3.1;
					};
					57EF4B4D2A4664F3008C57FF = {
						CreatedOnToolsVersion = 14.3.1;
						TestTargetID = 57EF4B342A4664F2008C57FF;
					};
					57EF4B572A4664F3008C57FF = {
						CreatedOnToolsVersion = 14.3.1;
						TestTargetID = 57EF4B342A4664F2008C57FF;
					};
				};
			};
			buildConfigurationList = 57EF4B302A4664F2008C57FF /* Build configuration list for PBXProject "wuggle" */;
			compatibilityVersion = "Xcode 14.0";
			developmentRegion = en;
			hasScannedForEncodings = 0;
			knownRegions = (
				en,
				Base,
			);
			mainGroup = 57EF4B2C2A4664F2008C57FF;
			productRefGroup = 57EF4B362A4664F2008C57FF /* Products */;
			projectDirPath = "";
			projectRoot = "";
			targets = (
				57EF4B342A4664F2008C57FF /* wuggle */,
				57EF4B4D2A4664F3008C57FF /* wuggleTests */,
				57EF4B572A4664F3008C57FF /* wuggleUITests */,
			);
		};
/* End PBXProject section */

/* Begin PBXResourcesBuildPhase section */
		57EF4B332A4664F2008C57FF /* Resources */ = {
			isa = PBXResourcesBuildPhase;
			buildActionMask = 2147483647;
			files = (
				57EB7A622A47ACAE00BCA44B /* K2D-ExtraBold.ttf in Resources */,
				575EB2C32A64510800969AA1 /* Shakespeare.txt in Resources */,
				57EB7A652A47ACAE00BCA44B /* K2D-Medium.ttf in Resources */,
				575EB2C02A64510800969AA1 /* Austen.txt in Resources */,
				57EB7A642A47ACAE00BCA44B /* K2D-Italic.ttf in Resources */,
				57EF4B482A4664F3008C57FF /* LaunchScreen.storyboard in Resources */,
				575EB2C22A64510800969AA1 /* 3of6game.txt in Resources */,
				575EB2BF2A64510800969AA1 /* KJB.txt in Resources */,
				575EB2C12A64510800969AA1 /* Odgen.txt in Resources */,
				57EF4B452A4664F3008C57FF /* Assets.xcassets in Resources */,
				57EF4B402A4664F2008C57FF /* Main.storyboard in Resources */,
				57EB7A632A47ACAE00BCA44B /* K2D-Regular.ttf in Resources */,
			);
			runOnlyForDeploymentPostprocessing = 0;
		};
		57EF4B4C2A4664F3008C57FF /* Resources */ = {
			isa = PBXResourcesBuildPhase;
			buildActionMask = 2147483647;
			files = (
			);
			runOnlyForDeploymentPostprocessing = 0;
		};
		57EF4B562A4664F3008C57FF /* Resources */ = {
			isa = PBXResourcesBuildPhase;
			buildActionMask = 2147483647;
			files = (
			);
			runOnlyForDeploymentPostprocessing = 0;
		};
/* End PBXResourcesBuildPhase section */

/* Begin PBXSourcesBuildPhase section */
		57EF4B312A4664F2008C57FF /* Sources */ = {
			isa = PBXSourcesBuildPhase;
			buildActionMask = 2147483647;
			files = (
				57EB7A542A47A7FC00BCA44B /* tileText.swift in Sources */,
				57EB7A432A47827F00BCA44B /* GameboardViewController.swift in Sources */,
				57AC997C2A558F0300B2E892 /* OptionViewDelegate.swift in Sources */,
				57E758B92A5A164400823989 /* ScoreIcon.swift in Sources */,
				57EB7A4F2A479C2D00BCA44B /* UIData.swift in Sources */,
				57D155132A5579D000A802C9 /* ChoiceLabel.swift in Sources */,
				5735DD3F2A4E4B560071B29B /* FoundWordsViewController.swift in Sources */,
				57455B432A4CFFA40019FFB5 /* PlayButtonsView.swift in Sources */,
				57BADD862A4A4D10009074DF /* UITableViewWordCell.swift in Sources */,
				5741FA292A53782E00B4164D /* FinalFoundWords.swift in Sources */,
				57EB7A512A47A65000BCA44B /* GameInstanceExtension.swift in Sources */,
				57E2F3772A54E1420097D1D2 /* SettingsCardViewController.swift in Sources */,
				57E758BE2A5B8F6E00823989 /* StatsCardViewController.swift in Sources */,
				57EB7A4D2A47950500BCA44B /* UIViewControllerExtension.swift in Sources */,
				57E758C02A5C2A0B00823989 /* CombinedScoreViewController.swift in Sources */,
				57EB7A452A47856D00BCA44B /* GameboardView.swift in Sources */,
				575EB2B92A63583800969AA1 /* TouchToPanGestureRecognizer.swift in Sources */,
				57455B412A4CFF8C0019FFB5 /* PlayButtonsViewController.swift in Sources */,
				57E2F3852A54F3200097D1D2 /* OptionView.swift in Sources */,
				57E2F3802A54E59D0097D1D2 /* TimeIcon.swift in Sources */,
				57506C1F2A48D80500367AE9 /* StopwatchViewController.swift in Sources */,
				57E2F37A2A54E5850097D1D2 /* IconView.swift in Sources */,
				57506C212A48D82900367AE9 /* StopwatchView.swift in Sources */,
				570A572D2A4B83BA006129FD /* CardStackDelegate.swift in Sources */,
				57EF4B432A4664F2008C57FF /* wuggle.xcdatamodeld in Sources */,
				57EF4B3D2A4664F2008C57FF /* ViewController.swift in Sources */,
				57E758C92A5C940100823989 /* StatViewController.swift in Sources */,
				57E2F3822A54E59D0097D1D2 /* LengthIcon.swift in Sources */,
				57EB7A492A478BF500BCA44B /* CardViewController.swift in Sources */,
				57EB7A4B2A478CF000BCA44B /* GameCardViewController.swift in Sources */,
				57D155162A557D6400A802C9 /* SettingsCardViewControllerDelegate.swift in Sources */,
				5782956E2A4A03E60038B48F /* SettingsExtension.swift in Sources */,
				57EF4B392A4664F2008C57FF /* AppDelegate.swift in Sources */,
				57EF4B6E2A4665D8008C57FF /* CardView.swift in Sources */,
				57EF4B3B2A4664F2008C57FF /* SceneDelegate.swift in Sources */,
				57EF4B762A466BAE008C57FF /* TrieExtension.swift in Sources */,
				57BADD842A4A45F3009074DF /* FoundWordView.swift in Sources */,
				57EB7A562A47A83900BCA44B /* TileView.swift in Sources */,
				57EB7A582A47A99D00BCA44B /* MiscConstants.swift in Sources */,
				577803EB2A64A1BE00D1E12A /* CardStackViewController.swift in Sources */,
				57E2F3812A54E59D0097D1D2 /* TileIcon.swift in Sources */,
				57E2F3832A54E59D0097D1D2 /* LexiconIcon.swift in Sources */,
				57EF4B7A2A466F47008C57FF /* MiscFunctions.swift in Sources */,
			);
			runOnlyForDeploymentPostprocessing = 0;
		};
		57EF4B4A2A4664F3008C57FF /* Sources */ = {
			isa = PBXSourcesBuildPhase;
			buildActionMask = 2147483647;
			files = (
				57EF4B532A4664F3008C57FF /* wuggleTests.swift in Sources */,
			);
			runOnlyForDeploymentPostprocessing = 0;
		};
		57EF4B542A4664F3008C57FF /* Sources */ = {
			isa = PBXSourcesBuildPhase;
			buildActionMask = 2147483647;
			files = (
				57EF4B5D2A4664F3008C57FF /* wuggleUITests.swift in Sources */,
				57EF4B5F2A4664F3008C57FF /* wuggleUITestsLaunchTests.swift in Sources */,
			);
			runOnlyForDeploymentPostprocessing = 0;
		};
/* End PBXSourcesBuildPhase section */

/* Begin PBXTargetDependency section */
		57EF4B502A4664F3008C57FF /* PBXTargetDependency */ = {
			isa = PBXTargetDependency;
			target = 57EF4B342A4664F2008C57FF /* wuggle */;
			targetProxy = 57EF4B4F2A4664F3008C57FF /* PBXContainerItemProxy */;
		};
		57EF4B5A2A4664F3008C57FF /* PBXTargetDependency */ = {
			isa = PBXTargetDependency;
			target = 57EF4B342A4664F2008C57FF /* wuggle */;
			targetProxy = 57EF4B592A4664F3008C57FF /* PBXContainerItemProxy */;
		};
/* End PBXTargetDependency section */

/* Begin PBXVariantGroup section */
		57EF4B3E2A4664F2008C57FF /* Main.storyboard */ = {
			isa = PBXVariantGroup;
			children = (
				57EF4B3F2A4664F2008C57FF /* Base */,
			);
			name = Main.storyboard;
			sourceTree = "<group>";
		};
		57EF4B462A4664F3008C57FF /* LaunchScreen.storyboard */ = {
			isa = PBXVariantGroup;
			children = (
				57EF4B472A4664F3008C57FF /* Base */,
			);
			name = LaunchScreen.storyboard;
			sourceTree = "<group>";
		};
/* End PBXVariantGroup section */

/* Begin XCBuildConfiguration section */
		57EF4B602A4664F3008C57FF /* Debug */ = {
			isa = XCBuildConfiguration;
			buildSettings = {
				ALWAYS_SEARCH_USER_PATHS = NO;
				CLANG_ANALYZER_NONNULL = YES;
				CLANG_ANALYZER_NUMBER_OBJECT_CONVERSION = YES_AGGRESSIVE;
				CLANG_CXX_LANGUAGE_STANDARD = "gnu++20";
				CLANG_ENABLE_MODULES = YES;
				CLANG_ENABLE_OBJC_ARC = YES;
				CLANG_ENABLE_OBJC_WEAK = YES;
				CLANG_WARN_BLOCK_CAPTURE_AUTORELEASING = YES;
				CLANG_WARN_BOOL_CONVERSION = YES;
				CLANG_WARN_COMMA = YES;
				CLANG_WARN_CONSTANT_CONVERSION = YES;
				CLANG_WARN_DEPRECATED_OBJC_IMPLEMENTATIONS = YES;
				CLANG_WARN_DIRECT_OBJC_ISA_USAGE = YES_ERROR;
				CLANG_WARN_DOCUMENTATION_COMMENTS = YES;
				CLANG_WARN_EMPTY_BODY = YES;
				CLANG_WARN_ENUM_CONVERSION = YES;
				CLANG_WARN_INFINITE_RECURSION = YES;
				CLANG_WARN_INT_CONVERSION = YES;
				CLANG_WARN_NON_LITERAL_NULL_CONVERSION = YES;
				CLANG_WARN_OBJC_IMPLICIT_RETAIN_SELF = YES;
				CLANG_WARN_OBJC_LITERAL_CONVERSION = YES;
				CLANG_WARN_OBJC_ROOT_CLASS = YES_ERROR;
				CLANG_WARN_QUOTED_INCLUDE_IN_FRAMEWORK_HEADER = YES;
				CLANG_WARN_RANGE_LOOP_ANALYSIS = YES;
				CLANG_WARN_STRICT_PROTOTYPES = YES;
				CLANG_WARN_SUSPICIOUS_MOVE = YES;
				CLANG_WARN_UNGUARDED_AVAILABILITY = YES_AGGRESSIVE;
				CLANG_WARN_UNREACHABLE_CODE = YES;
				CLANG_WARN__DUPLICATE_METHOD_MATCH = YES;
				COPY_PHASE_STRIP = NO;
				DEBUG_INFORMATION_FORMAT = dwarf;
				ENABLE_STRICT_OBJC_MSGSEND = YES;
				ENABLE_TESTABILITY = YES;
				GCC_C_LANGUAGE_STANDARD = gnu11;
				GCC_DYNAMIC_NO_PIC = NO;
				GCC_NO_COMMON_BLOCKS = YES;
				GCC_OPTIMIZATION_LEVEL = s;
				GCC_PREPROCESSOR_DEFINITIONS = (
					"DEBUG=1",
					"$(inherited)",
				);
				GCC_WARN_64_TO_32_BIT_CONVERSION = YES;
				GCC_WARN_ABOUT_RETURN_TYPE = YES_ERROR;
				GCC_WARN_UNDECLARED_SELECTOR = YES;
				GCC_WARN_UNINITIALIZED_AUTOS = YES_AGGRESSIVE;
				GCC_WARN_UNUSED_FUNCTION = YES;
				GCC_WARN_UNUSED_VARIABLE = YES;
				IPHONEOS_DEPLOYMENT_TARGET = 16.4;
				MTL_ENABLE_DEBUG_INFO = INCLUDE_SOURCE;
				MTL_FAST_MATH = YES;
				ONLY_ACTIVE_ARCH = YES;
				SDKROOT = iphoneos;
				SWIFT_ACTIVE_COMPILATION_CONDITIONS = DEBUG;
				SWIFT_OPTIMIZATION_LEVEL = "-Onone";
			};
			name = Debug;
		};
		57EF4B612A4664F3008C57FF /* Release */ = {
			isa = XCBuildConfiguration;
			buildSettings = {
				ALWAYS_SEARCH_USER_PATHS = NO;
				CLANG_ANALYZER_NONNULL = YES;
				CLANG_ANALYZER_NUMBER_OBJECT_CONVERSION = YES_AGGRESSIVE;
				CLANG_CXX_LANGUAGE_STANDARD = "gnu++20";
				CLANG_ENABLE_MODULES = YES;
				CLANG_ENABLE_OBJC_ARC = YES;
				CLANG_ENABLE_OBJC_WEAK = YES;
				CLANG_WARN_BLOCK_CAPTURE_AUTORELEASING = YES;
				CLANG_WARN_BOOL_CONVERSION = YES;
				CLANG_WARN_COMMA = YES;
				CLANG_WARN_CONSTANT_CONVERSION = YES;
				CLANG_WARN_DEPRECATED_OBJC_IMPLEMENTATIONS = YES;
				CLANG_WARN_DIRECT_OBJC_ISA_USAGE = YES_ERROR;
				CLANG_WARN_DOCUMENTATION_COMMENTS = YES;
				CLANG_WARN_EMPTY_BODY = YES;
				CLANG_WARN_ENUM_CONVERSION = YES;
				CLANG_WARN_INFINITE_RECURSION = YES;
				CLANG_WARN_INT_CONVERSION = YES;
				CLANG_WARN_NON_LITERAL_NULL_CONVERSION = YES;
				CLANG_WARN_OBJC_IMPLICIT_RETAIN_SELF = YES;
				CLANG_WARN_OBJC_LITERAL_CONVERSION = YES;
				CLANG_WARN_OBJC_ROOT_CLASS = YES_ERROR;
				CLANG_WARN_QUOTED_INCLUDE_IN_FRAMEWORK_HEADER = YES;
				CLANG_WARN_RANGE_LOOP_ANALYSIS = YES;
				CLANG_WARN_STRICT_PROTOTYPES = YES;
				CLANG_WARN_SUSPICIOUS_MOVE = YES;
				CLANG_WARN_UNGUARDED_AVAILABILITY = YES_AGGRESSIVE;
				CLANG_WARN_UNREACHABLE_CODE = YES;
				CLANG_WARN__DUPLICATE_METHOD_MATCH = YES;
				COPY_PHASE_STRIP = NO;
				DEBUG_INFORMATION_FORMAT = "dwarf-with-dsym";
				ENABLE_NS_ASSERTIONS = NO;
				ENABLE_STRICT_OBJC_MSGSEND = YES;
				GCC_C_LANGUAGE_STANDARD = gnu11;
				GCC_NO_COMMON_BLOCKS = YES;
				GCC_WARN_64_TO_32_BIT_CONVERSION = YES;
				GCC_WARN_ABOUT_RETURN_TYPE = YES_ERROR;
				GCC_WARN_UNDECLARED_SELECTOR = YES;
				GCC_WARN_UNINITIALIZED_AUTOS = YES_AGGRESSIVE;
				GCC_WARN_UNUSED_FUNCTION = YES;
				GCC_WARN_UNUSED_VARIABLE = YES;
				IPHONEOS_DEPLOYMENT_TARGET = 16.4;
				MTL_ENABLE_DEBUG_INFO = NO;
				MTL_FAST_MATH = YES;
				SDKROOT = iphoneos;
				SWIFT_COMPILATION_MODE = wholemodule;
				SWIFT_OPTIMIZATION_LEVEL = "-O";
				VALIDATE_PRODUCT = YES;
			};
			name = Release;
		};
		57EF4B632A4664F3008C57FF /* Debug */ = {
			isa = XCBuildConfiguration;
			buildSettings = {
				ASSETCATALOG_COMPILER_APPICON_NAME = AppIcon;
				ASSETCATALOG_COMPILER_GLOBAL_ACCENT_COLOR_NAME = AccentColor;
				CODE_SIGN_STYLE = Automatic;
				CURRENT_PROJECT_VERSION = 1;
				DEVELOPMENT_TEAM = 5XCATX3KKA;
				GENERATE_INFOPLIST_FILE = YES;
				INFOPLIST_FILE = wuggle/Info.plist;
				INFOPLIST_KEY_CFBundleDisplayName = wuggle;
				INFOPLIST_KEY_LSApplicationCategoryType = "public.app-category.word-games";
				INFOPLIST_KEY_UIApplicationSupportsIndirectInputEvents = YES;
				INFOPLIST_KEY_UILaunchStoryboardName = LaunchScreen;
				INFOPLIST_KEY_UIMainStoryboardFile = Main;
				INFOPLIST_KEY_UIRequiresFullScreen = YES;
				INFOPLIST_KEY_UISupportedInterfaceOrientations = UIInterfaceOrientationPortrait;
				IPHONEOS_DEPLOYMENT_TARGET = 16.0;
				LD_RUNPATH_SEARCH_PATHS = (
					"$(inherited)",
					"@executable_path/Frameworks",
				);
				MARKETING_VERSION = 1.0;
				PRODUCT_BUNDLE_IDENTIFIER = sparkes.wuggle;
				PRODUCT_NAME = "$(TARGET_NAME)";
				SUPPORTED_PLATFORMS = "iphoneos iphonesimulator";
				SUPPORTS_MACCATALYST = NO;
				SUPPORTS_MAC_DESIGNED_FOR_IPHONE_IPAD = NO;
				SWIFT_EMIT_LOC_STRINGS = YES;
				SWIFT_VERSION = 5.0;
				TARGETED_DEVICE_FAMILY = "1,2";
			};
			name = Debug;
		};
		57EF4B642A4664F3008C57FF /* Release */ = {
			isa = XCBuildConfiguration;
			buildSettings = {
				ASSETCATALOG_COMPILER_APPICON_NAME = AppIcon;
				ASSETCATALOG_COMPILER_GLOBAL_ACCENT_COLOR_NAME = AccentColor;
				CODE_SIGN_STYLE = Automatic;
				CURRENT_PROJECT_VERSION = 1;
				DEVELOPMENT_TEAM = 5XCATX3KKA;
				GENERATE_INFOPLIST_FILE = YES;
				INFOPLIST_FILE = wuggle/Info.plist;
				INFOPLIST_KEY_CFBundleDisplayName = wuggle;
				INFOPLIST_KEY_LSApplicationCategoryType = "public.app-category.word-games";
				INFOPLIST_KEY_UIApplicationSupportsIndirectInputEvents = YES;
				INFOPLIST_KEY_UILaunchStoryboardName = LaunchScreen;
				INFOPLIST_KEY_UIMainStoryboardFile = Main;
				INFOPLIST_KEY_UIRequiresFullScreen = YES;
				INFOPLIST_KEY_UISupportedInterfaceOrientations = UIInterfaceOrientationPortrait;
				IPHONEOS_DEPLOYMENT_TARGET = 16.0;
				LD_RUNPATH_SEARCH_PATHS = (
					"$(inherited)",
					"@executable_path/Frameworks",
				);
				MARKETING_VERSION = 1.0;
				PRODUCT_BUNDLE_IDENTIFIER = sparkes.wuggle;
				PRODUCT_NAME = "$(TARGET_NAME)";
				SUPPORTED_PLATFORMS = "iphoneos iphonesimulator";
				SUPPORTS_MACCATALYST = NO;
				SUPPORTS_MAC_DESIGNED_FOR_IPHONE_IPAD = NO;
				SWIFT_EMIT_LOC_STRINGS = YES;
				SWIFT_VERSION = 5.0;
				TARGETED_DEVICE_FAMILY = "1,2";
			};
			name = Release;
		};
		57EF4B662A4664F3008C57FF /* Debug */ = {
			isa = XCBuildConfiguration;
			buildSettings = {
				ALWAYS_EMBED_SWIFT_STANDARD_LIBRARIES = YES;
				BUNDLE_LOADER = "$(TEST_HOST)";
				CODE_SIGN_STYLE = Automatic;
				CURRENT_PROJECT_VERSION = 1;
				DEVELOPMENT_TEAM = 5XCATX3KKA;
				GENERATE_INFOPLIST_FILE = YES;
				IPHONEOS_DEPLOYMENT_TARGET = 16.4;
				MARKETING_VERSION = 1.0;
				PRODUCT_BUNDLE_IDENTIFIER = sparkes.wuggleTests;
				PRODUCT_NAME = "$(TARGET_NAME)";
				SWIFT_EMIT_LOC_STRINGS = NO;
				SWIFT_VERSION = 5.0;
				TARGETED_DEVICE_FAMILY = "1,2";
				TEST_HOST = "$(BUILT_PRODUCTS_DIR)/wuggle.app/$(BUNDLE_EXECUTABLE_FOLDER_PATH)/wuggle";
			};
			name = Debug;
		};
		57EF4B672A4664F3008C57FF /* Release */ = {
			isa = XCBuildConfiguration;
			buildSettings = {
				ALWAYS_EMBED_SWIFT_STANDARD_LIBRARIES = YES;
				BUNDLE_LOADER = "$(TEST_HOST)";
				CODE_SIGN_STYLE = Automatic;
				CURRENT_PROJECT_VERSION = 1;
				DEVELOPMENT_TEAM = 5XCATX3KKA;
				GENERATE_INFOPLIST_FILE = YES;
				IPHONEOS_DEPLOYMENT_TARGET = 16.4;
				MARKETING_VERSION = 1.0;
				PRODUCT_BUNDLE_IDENTIFIER = sparkes.wuggleTests;
				PRODUCT_NAME = "$(TARGET_NAME)";
				SWIFT_EMIT_LOC_STRINGS = NO;
				SWIFT_VERSION = 5.0;
				TARGETED_DEVICE_FAMILY = "1,2";
				TEST_HOST = "$(BUILT_PRODUCTS_DIR)/wuggle.app/$(BUNDLE_EXECUTABLE_FOLDER_PATH)/wuggle";
			};
			name = Release;
		};
		57EF4B692A4664F3008C57FF /* Debug */ = {
			isa = XCBuildConfiguration;
			buildSettings = {
				ALWAYS_EMBED_SWIFT_STANDARD_LIBRARIES = YES;
				CODE_SIGN_STYLE = Automatic;
				CURRENT_PROJECT_VERSION = 1;
				DEVELOPMENT_TEAM = 5XCATX3KKA;
				GENERATE_INFOPLIST_FILE = YES;
				MARKETING_VERSION = 1.0;
				PRODUCT_BUNDLE_IDENTIFIER = sparkes.wuggleUITests;
				PRODUCT_NAME = "$(TARGET_NAME)";
				SWIFT_EMIT_LOC_STRINGS = NO;
				SWIFT_VERSION = 5.0;
				TARGETED_DEVICE_FAMILY = "1,2";
				TEST_TARGET_NAME = wuggle;
			};
			name = Debug;
		};
		57EF4B6A2A4664F3008C57FF /* Release */ = {
			isa = XCBuildConfiguration;
			buildSettings = {
				ALWAYS_EMBED_SWIFT_STANDARD_LIBRARIES = YES;
				CODE_SIGN_STYLE = Automatic;
				CURRENT_PROJECT_VERSION = 1;
				DEVELOPMENT_TEAM = 5XCATX3KKA;
				GENERATE_INFOPLIST_FILE = YES;
				MARKETING_VERSION = 1.0;
				PRODUCT_BUNDLE_IDENTIFIER = sparkes.wuggleUITests;
				PRODUCT_NAME = "$(TARGET_NAME)";
				SWIFT_EMIT_LOC_STRINGS = NO;
				SWIFT_VERSION = 5.0;
				TARGETED_DEVICE_FAMILY = "1,2";
				TEST_TARGET_NAME = wuggle;
			};
			name = Release;
		};
/* End XCBuildConfiguration section */

/* Begin XCConfigurationList section */
		57EF4B302A4664F2008C57FF /* Build configuration list for PBXProject "wuggle" */ = {
			isa = XCConfigurationList;
			buildConfigurations = (
				57EF4B602A4664F3008C57FF /* Debug */,
				57EF4B612A4664F3008C57FF /* Release */,
			);
			defaultConfigurationIsVisible = 0;
			defaultConfigurationName = Release;
		};
		57EF4B622A4664F3008C57FF /* Build configuration list for PBXNativeTarget "wuggle" */ = {
			isa = XCConfigurationList;
			buildConfigurations = (
				57EF4B632A4664F3008C57FF /* Debug */,
				57EF4B642A4664F3008C57FF /* Release */,
			);
			defaultConfigurationIsVisible = 0;
			defaultConfigurationName = Release;
		};
		57EF4B652A4664F3008C57FF /* Build configuration list for PBXNativeTarget "wuggleTests" */ = {
			isa = XCConfigurationList;
			buildConfigurations = (
				57EF4B662A4664F3008C57FF /* Debug */,
				57EF4B672A4664F3008C57FF /* Release */,
			);
			defaultConfigurationIsVisible = 0;
			defaultConfigurationName = Release;
		};
		57EF4B682A4664F3008C57FF /* Build configuration list for PBXNativeTarget "wuggleUITests" */ = {
			isa = XCConfigurationList;
			buildConfigurations = (
				57EF4B692A4664F3008C57FF /* Debug */,
				57EF4B6A2A4664F3008C57FF /* Release */,
			);
			defaultConfigurationIsVisible = 0;
			defaultConfigurationName = Release;
		};
/* End XCConfigurationList section */

/* Begin XCVersionGroup section */
		57EF4B412A4664F2008C57FF /* wuggle.xcdatamodeld */ = {
			isa = XCVersionGroup;
			children = (
				57EF4B422A4664F2008C57FF /* wuggle.xcdatamodel */,
			);
			currentVersion = 57EF4B422A4664F2008C57FF /* wuggle.xcdatamodel */;
			path = wuggle.xcdatamodeld;
			sourceTree = "<group>";
			versionGroupType = wrapper.xcdatamodel;
		};
/* End XCVersionGroup section */
	};
	rootObject = 57EF4B2D2A4664F2008C57FF /* Project object */;
}
